<?xml version="1.0" encoding="utf-8"?>
<Project ToolsVersion="4.0" xmlns="http://schemas.microsoft.com/developer/msbuild/2003">
  <ItemGroup>
    <Filter Include="Source Files">
      <UniqueIdentifier>{4FC737F1-C7A5-4376-A066-2A32D752A2FF}</UniqueIdentifier>
      <Extensions>cpp;c;cc;cxx;def;odl;idl;hpj;bat;asm;asmx</Extensions>
    </Filter>
    <Filter Include="Header Files">
      <UniqueIdentifier>{93995380-89BD-4b04-88EB-625FBE52EBFB}</UniqueIdentifier>
      <Extensions>h;hh;hpp;hxx;hm;inl;inc;xsd</Extensions>
    </Filter>
    <Filter Include="Resource Files">
      <UniqueIdentifier>{D9D6E242-F8AF-46E4-B9FD-80ECBC20BA3E}</UniqueIdentifier>
      <Extensions>qrc;*</Extensions>
      <ParseFiles>false</ParseFiles>
    </Filter>
    <Filter Include="Form Files">
      <UniqueIdentifier>{99349809-55BA-4b9d-BF79-8FDBB0286EB3}</UniqueIdentifier>
      <Extensions>ui</Extensions>
    </Filter>
    <Filter Include="Resource Files">
      <UniqueIdentifier>{D9D6E242-F8AF-46E4-B9FD-80ECBC20BA3E}</UniqueIdentifier>
      <Extensions>qrc;*</Extensions>
      <ParseFiles>false</ParseFiles>
    </Filter>
    <Filter Include="Form Files\connect">
      <UniqueIdentifier>{e2ea994f-6c83-4db2-8e34-43c1cc1132db}</UniqueIdentifier>
    </Filter>
    <Filter Include="Source Files\connect">
      <UniqueIdentifier>{ba5a562f-a8ce-4fc7-a1c3-16bb8286e348}</UniqueIdentifier>
    </Filter>
    <Filter Include="Header Files\connect">
      <UniqueIdentifier>{b9b5739b-8a0c-4f40-9f6c-313d9e3cccc4}</UniqueIdentifier>
    </Filter>
    <Filter Include="Header Files\creataModel">
      <UniqueIdentifier>{ef1577da-1028-4197-8a10-460afdeed5be}</UniqueIdentifier>
    </Filter>
    <Filter Include="Source Files\Tools">
      <UniqueIdentifier>{02c17ee9-45ff-461d-a406-bcdef3bcf3e6}</UniqueIdentifier>
    </Filter>
    <Filter Include="Header Files\Tools">
      <UniqueIdentifier>{ce195e01-b761-46b8-8955-158d588918d1}</UniqueIdentifier>
    </Filter>
    <Filter Include="Header Files\shapeMatch">
      <UniqueIdentifier>{438a65dc-86ea-4007-a5f7-77712c93f8ea}</UniqueIdentifier>
    </Filter>
    <Filter Include="Source Files\shapeMatch">
      <UniqueIdentifier>{9e97f561-48ab-4943-b268-017cb10e0c2d}</UniqueIdentifier>
    </Filter>
    <Filter Include="Form Files\shapeMatch">
      <UniqueIdentifier>{2676b0b7-51c8-40e6-8874-414ffdb3b4b4}</UniqueIdentifier>
    </Filter>
    <Filter Include="Form Files\modelMatch">
      <UniqueIdentifier>{6d8dee31-976e-4908-8ecb-4b2754f66527}</UniqueIdentifier>
    </Filter>
    <Filter Include="Header Files\modelMatch">
      <UniqueIdentifier>{99ceb159-2534-4887-8045-760df0d03415}</UniqueIdentifier>
    </Filter>
    <Filter Include="Source Files\modelMatch">
      <UniqueIdentifier>{25f6fc74-1bfe-4bbc-9cff-b6d72e7fee34}</UniqueIdentifier>
    </Filter>
  </ItemGroup>
  <ItemGroup>
    <ClCompile Include="MvCamera.cpp">
      <Filter>Source Files</Filter>
    </ClCompile>
    <ClCompile Include="login.cpp">
      <Filter>Source Files</Filter>
    </ClCompile>
    <ClCompile Include="connectServer.cpp">
      <Filter>Source Files\connect</Filter>
    </ClCompile>
    <ClCompile Include="connectItemInfo.cpp">
      <Filter>Source Files\connect</Filter>
    </ClCompile>
    <ClCompile Include="transmitsignals.cpp">
      <Filter>Source Files\connect</Filter>
    </ClCompile>
    <ClCompile Include="industrialVision.cpp">
      <Filter>Source Files</Filter>
    </ClCompile>
    <ClCompile Include="smallMainWindow.cpp">
      <Filter>Source Files</Filter>
    </ClCompile>
    <ClCompile Include="Server.cpp">
      <Filter>Source Files\connect</Filter>
    </ClCompile>
    <ClCompile Include="camerathread.cpp">
      <Filter>Source Files\Tools</Filter>
    </ClCompile>
    <ClCompile Include="globalvar.cpp">
      <Filter>Source Files\Tools</Filter>
    </ClCompile>
    <ClCompile Include="processingthread.cpp">
      <Filter>Source Files\Tools</Filter>
    </ClCompile>
    <ClCompile Include="logoSet.cpp">
      <Filter>Source Files</Filter>
    </ClCompile>
    <ClCompile Include="passwordSet.cpp">
      <Filter>Source Files</Filter>
    </ClCompile>
    <ClCompile Include="logoPath.cpp">
      <Filter>Source Files</Filter>
    </ClCompile>
    <ClCompile Include="mainwindow.cpp">
      <Filter>Source Files\shapeMatch</Filter>
    </ClCompile>
    <ClCompile Include="bee_calibercircle.cpp">
      <Filter>Source Files\shapeMatch</Filter>
    </ClCompile>
    <ClCompile Include="bee_caliberline.cpp">
      <Filter>Source Files\shapeMatch</Filter>
    </ClCompile>
    <ClCompile Include="bee_circle.cpp">
      <Filter>Source Files\shapeMatch</Filter>
    </ClCompile>
    <ClCompile Include="bee_concencircle.cpp">
      <Filter>Source Files\shapeMatch</Filter>
    </ClCompile>
    <ClCompile Include="bee_polygon.cpp">
      <Filter>Source Files\shapeMatch</Filter>
    </ClCompile>
    <ClCompile Include="bee_rect.cpp">
      <Filter>Source Files\shapeMatch</Filter>
    </ClCompile>
    <ClCompile Include="bee_ringexpansion.cpp">
      <Filter>Source Files\shapeMatch</Filter>
    </ClCompile>
    <ClCompile Include="mycorneritem.cpp">
      <Filter>Source Files\shapeMatch</Filter>
    </ClCompile>
    <ClCompile Include="myqgraphicsview.cpp">
      <Filter>Source Files\shapeMatch</Filter>
    </ClCompile>
    <ClCompile Include="common.h">
      <Filter>Header Files\shapeMatch</Filter>
    </ClCompile>
    <ClCompile Include="myCCaliperGUI.cpp">
      <Filter>Source Files\shapeMatch</Filter>
    </ClCompile>
    <ClCompile Include="edge.cpp">
      <Filter>Source Files\shapeMatch</Filter>
    </ClCompile>
    <ClCompile Include="controlline.cpp">
      <Filter>Source Files\shapeMatch</Filter>
    </ClCompile>
    <ClCompile Include="ncc_modelmatch.cpp">
      <Filter>Source Files\modelMatch</Filter>
    </ClCompile>
    <ClCompile Include="bee_point.cpp">
      <Filter>Source Files\shapeMatch</Filter>
    </ClCompile>
    <ClCompile Include="myglwidget.cpp">
      <Filter>Source Files</Filter>
    </ClCompile>
    <ClCompile Include="matchParam.cpp">
      <Filter>Source Files</Filter>
    </ClCompile>
    <ClCompile Include="fileOrderList.h">
      <Filter>Header Files\modelMatch</Filter>
    </ClCompile>
    <ClCompile Include="main.cpp">
      <Filter>Source Files</Filter>
    </ClCompile>
  </ItemGroup>
  <ItemGroup>
    <QtMoc Include="login.h">
      <Filter>Header Files</Filter>
    </QtMoc>
    <QtMoc Include="connectServer.h">
      <Filter>Header Files\connect</Filter>
    </QtMoc>
    <QtMoc Include="connectItemInfo.h">
      <Filter>Header Files\connect</Filter>
    </QtMoc>
    <QtMoc Include="TransmitSignals.h">
      <Filter>Header Files\connect</Filter>
    </QtMoc>
    <QtMoc Include="industrialVision.h">
      <Filter>Header Files</Filter>
    </QtMoc>
    <QtMoc Include="smallMainWindow.h">
      <Filter>Header Files</Filter>
    </QtMoc>
    <QtMoc Include="Server.h">
      <Filter>Header Files\connect</Filter>
    </QtMoc>
    <QtMoc Include="CameraThread.h">
      <Filter>Header Files\Tools</Filter>
    </QtMoc>
    <QtMoc Include="processingthread.h">
      <Filter>Header Files\Tools</Filter>
    </QtMoc>
    <QtMoc Include="logoSet.h">
      <Filter>Header Files</Filter>
    </QtMoc>
    <QtMoc Include="passwordSet.h">
      <Filter>Header Files</Filter>
    </QtMoc>
    <QtMoc Include="logoPath.h">
      <Filter>Header Files</Filter>
    </QtMoc>
    <QtMoc Include="mainwindow.h">
      <Filter>Header Files\shapeMatch</Filter>
    </QtMoc>
    <QtMoc Include="bee_calibercircle.h">
      <Filter>Header Files\shapeMatch</Filter>
    </QtMoc>
    <QtMoc Include="bee_caliberline.h">
      <Filter>Header Files\shapeMatch</Filter>
    </QtMoc>
    <QtMoc Include="ncc_modelmatch.h">
      <Filter>Header Files\modelMatch</Filter>
    </QtMoc>
    <QtMoc Include="bee_rect.h">
      <Filter>Header Files\shapeMatch</Filter>
    </QtMoc>
    <QtMoc Include="bee_polygon.h">
      <Filter>Header Files\shapeMatch</Filter>
    </QtMoc>
    <QtMoc Include="bee_circle.h">
      <Filter>Header Files\shapeMatch</Filter>
    </QtMoc>
    <QtMoc Include="bee_point.h">
      <Filter>Header Files\shapeMatch</Filter>
    </QtMoc>
    <QtMoc Include="myglwidget.h">
      <Filter>Header Files\creataModel</Filter>
    </QtMoc>
    <QtMoc Include="matchParam.h">
      <Filter>Header Files\creataModel</Filter>
    </QtMoc>
    <QtMoc Include="PlcWorker.h">
      <Filter>Header Files\connect</Filter>
    </QtMoc>
  </ItemGroup>
  <ItemGroup>
    <QtUic Include="login.ui">
      <Filter>Form Files</Filter>
    </QtUic>
    <QtUic Include="connectServer.ui">
      <Filter>Form Files\connect</Filter>
    </QtUic>
    <QtUic Include="statusbar.ui">
      <Filter>Form Files</Filter>
    </QtUic>
    <QtUic Include="labelAttr.ui">
      <Filter>Form Files</Filter>
    </QtUic>
    <QtUic Include="industrialVision.ui">
      <Filter>Form Files</Filter>
    </QtUic>
    <QtUic Include="smallMainWindow.ui">
      <Filter>Form Files</Filter>
    </QtUic>
    <QtUic Include="logoSet.ui">
      <Filter>Form Files</Filter>
    </QtUic>
    <QtUic Include="passwordSet.ui">
      <Filter>Form Files</Filter>
    </QtUic>
    <QtUic Include="logoPath.ui">
      <Filter>Form Files</Filter>
    </QtUic>
    <QtUic Include="mainwindow.ui">
      <Filter>Form Files\shapeMatch</Filter>
    </QtUic>
    <QtUic Include="ncc_mainwindow.ui">
      <Filter>Form Files\modelMatch</Filter>
    </QtUic>
    <QtUic Include="mattchParam.ui">
      <Filter>Form Files</Filter>
    </QtUic>
  </ItemGroup>
  <ItemGroup>
    <QtRcc Include="industrialVision.qrc">
      <Filter>Resource Files</Filter>
    </QtRcc>
  </ItemGroup>
  <ItemGroup>
    <ClInclude Include="MvCamera.h">
      <Filter>Header Files</Filter>
    </ClInclude>
    <ClInclude Include="globalvar.h">
      <Filter>Header Files\Tools</Filter>
    </ClInclude>
    <ClInclude Include="Mstruct.h">
      <Filter>Header Files\Tools</Filter>
    </ClInclude>
    <ClInclude Include="SharedData.h">
      <Filter>Header Files\Tools</Filter>
    </ClInclude>
    <ClInclude Include="bee_concencircle.h">
      <Filter>Header Files\shapeMatch</Filter>
    </ClInclude>
    <ClInclude Include="bee_ringexpansion.h">
      <Filter>Header Files\shapeMatch</Filter>
    </ClInclude>
    <ClInclude Include="mycorneritem.h">
      <Filter>Header Files\shapeMatch</Filter>
    </ClInclude>
    <ClInclude Include="myqgraphicsview.h">
      <Filter>Header Files\shapeMatch</Filter>
    </ClInclude>
    <ClInclude Include="myCCaliperGUI.h">
      <Filter>Header Files\shapeMatch</Filter>
    </ClInclude>
    <ClInclude Include="edge.h">
      <Filter>Header Files\shapeMatch</Filter>
    </ClInclude>
    <ClInclude Include="controlline.h">
      <Filter>Header Files\shapeMatch</Filter>
    </ClInclude>
  </ItemGroup>
</Project>